
Microsoft Visual Studio Solution File, Format Version 12.00
# Visual Studio 15
Project("{FAE04EC0-301F-11D3-BF4B-00C04F79EFBC}") = "Assembly-CSharp", "Assembly-CSharp.csproj", "{7C0B974D-ECE3-9EC1-881E-4CFC28228162}"
EndProject
Project("{FAE04EC0-301F-11D3-BF4B-00C04F79EFBC}") = "Assembly-CSharp-Editor", "Assembly-CSharp-Editor.csproj", "{ACDE9433-E903-0C4D-5307-7DC5D8B68765}"
EndProject
Global
	GlobalSection(SolutionConfigurationPlatforms) = preSolution
		Debug|Any CPU = Debug|Any CPU
		Release|Any CPU = Release|Any CPU
	EndGlobalSection
	GlobalSection(ProjectConfigurationPlatforms) = postSolution
		{7C0B974D-ECE3-9EC1-881E-4CFC28228162}.Debug|Any CPU.ActiveCfg = Debug|Any CPU
		{7C0B974D-ECE3-9EC1-881E-4CFC28228162}.Debug|Any CPU.Build.0 = Debug|Any CPU
		{7C0B974D-ECE3-9EC1-881E-4CFC28228162}.Release|Any CPU.ActiveCfg = Release|Any CPU
		{7C0B974D-ECE3-9EC1-881E-4CFC28228162}.Release|Any CPU.Build.0 = Release|Any CPU
		{ACDE9433-E903-0C4D-5307-7DC5D8B68765}.Debug|Any CPU.ActiveCfg = Debug|Any CPU
		{ACDE9433-E903-0C4D-5307-7DC5D8B68765}.Debug|Any CPU.Build.0 = Debug|Any CPU
		{ACDE9433-E903-0C4D-5307-7DC5D8B68765}.Release|Any CPU.ActiveCfg = Release|Any CPU
		{ACDE9433-E903-0C4D-5307-7DC5D8B68765}.Release|Any CPU.Build.0 = Release|Any CPU
	EndGlobalSection
	GlobalSection(SolutionProperties) = preSolution
		HideSolutionNode = FALSE
	EndGlobalSection
EndGlobal
